{
    "_readme": [
        "This file locks the dependencies of your project to a known state",
        "Read more about it at https://getcomposer.org/doc/01-basic-usage.md#composer-lock-the-lock-file",
        "This file is @generated automatically"
    ],
    "content-hash": "1d65d2f4c5df613b8ffec4f301852f68",
    "packages": [
        {
            "name": "m1ome/phalcon-datatables",
            "version": "1.1.7",
            "source": {
                "type": "git",
                "url": "https://github.com/m1ome/phalcon-datatables.git",
                "reference": "dfa67667557cb8464b4917bfe2856adb3a0380e4"
            },
            "dist": {
                "type": "zip",
                "url": "https://api.github.com/repos/m1ome/phalcon-datatables/zipball/dfa67667557cb8464b4917bfe2856adb3a0380e4",
                "reference": "dfa67667557cb8464b4917bfe2856adb3a0380e4",
                "shasum": ""
            },
            "require-dev": {
                "crysalead/kahlan": "~1.1",
                "fzaninotto/faker": "1.5.*@dev"
            },
            "type": "library",
            "extra": {
                "branch-alias": {
                    "dev_master": "1.0-dev"
                }
            },
            "autoload": {
                "psr-4": {
                    "DataTables\\": "src/"
                }
            },
            "notification-url": "https://packagist.org/downloads/",
            "license": [
                "MIT"
            ],
            "authors": [
                {
                    "name": "Pavel Makarenko",
                    "email": "cryfall@gmail.com"
                }
            ],
            "description": "DataTables adapter for Phalcon Framework",
            "keywords": [
                "datatables",
                "phalcon",
                "plugin"
            ],
            "time": "2015-11-27T10:13:36+00:00"
        },
        {
            "name": "mattdanger/phalcon-table-sort",
            "version": "dev-master",
            "source": {
                "type": "git",
                "url": "https://github.com/mattdanger/phalcon-table-sort.git",
                "reference": "5604f199211f868b7057e2d667637886e8fe8a1d"
            },
            "dist": {
                "type": "zip",
                "url": "https://api.github.com/repos/mattdanger/phalcon-table-sort/zipball/5604f199211f868b7057e2d667637886e8fe8a1d",
                "reference": "5604f199211f868b7057e2d667637886e8fe8a1d",
                "shasum": ""
            },
            "require": {
                "php": ">=5.4.0"
            },
            "type": "library",
            "autoload": {
                "psr-4": {
                    "TableSort\\": "src/TableSort"
                }
            },
            "notification-url": "https://packagist.org/downloads/",
            "license": [
                "MIT"
            ],
            "authors": [
                {
                    "name": "Matt West",
                    "email": "matt@mattdanger.net",
                    "homepage": "http://mattdanger.net",
                    "role": "Developer"
                }
            ],
            "description": "Phalcon HTML table sort component",
            "homepage": "https://github.com/mattdanger/phalcon-table-sort",
            "keywords": [
                "phalcon",
                "php",
                "sort"
            ],
            "time": "2016-03-03T00:49:38+00:00"
        },
        {
            "name": "mattdanger/volt-helpers",
            "version": "dev-master",
            "source": {
                "type": "git",
                "url": "https://github.com/mattdanger/volt-helpers.git",
                "reference": "ba7524526243b2fc448a819b82fafb641eba7d4d"
            },
            "dist": {
                "type": "zip",
                "url": "https://api.github.com/repos/mattdanger/volt-helpers/zipball/ba7524526243b2fc448a819b82fafb641eba7d4d",
                "reference": "ba7524526243b2fc448a819b82fafb641eba7d4d",
                "shasum": ""
            },
            "require": {
                "php": ">=5.4.0"
            },
            "type": "library",
            "autoload": {
                "psr-4": {
                    "VoltHelpers\\": "src/VoltHelpers"
                }
            },
            "notification-url": "https://packagist.org/downloads/",
            "license": [
                "MIT"
            ],
            "authors": [
                {
                    "name": "Matt West",
                    "email": "matt@mattdanger.net",
                    "homepage": "http://mattdanger.net",
                    "role": "Developer"
                }
            ],
            "description": "Useful additions to the Volt template engine ",
            "homepage": "https://github.com/mattdanger/volt-helpers",
            "keywords": [
                "phalcon",
                "volt"
            ],
            "time": "2016-04-13T16:06:47+00:00"
        },
        {
            "name": "phalcon-ext/mailer",
            "version": "v2.0.3",
            "source": {
                "type": "git",
                "url": "https://github.com/phalcon-ext/mailer.git",
                "reference": "9e8a21a499e11a513fbb929734224ca2976d7605"
            },
            "dist": {
                "type": "zip",
                "url": "https://api.github.com/repos/phalcon-ext/mailer/zipball/9e8a21a499e11a513fbb929734224ca2976d7605",
                "reference": "9e8a21a499e11a513fbb929734224ca2976d7605",
                "shasum": ""
            },
            "require": {
                "php": ">=5.4.0",
                "swiftmailer/swiftmailer": "~5.3"
            },
            "type": "library",
            "autoload": {
                "psr-4": {
                    "Phalcon\\Ext\\Mailer\\": "src/"
                }
            },
            "notification-url": "https://packagist.org/downloads/",
            "license": [
                "LGPL"
            ],
            "authors": [
                {
                    "name": "Stanislav Kiryukhin",
                    "email": "korsar.zn@gmail.com",
                    "role": "Founder and project lead"
                }
            ],
            "description": "Mailer component as wrapper over SwiftMailer for Phalcon.",
            "keywords": [
                "mailer",
                "phalcon",
                "phalcon-ext",
                "phalcon-mailer"
            ],
            "time": "2015-12-18T08:36:58+00:00"
        },
        {
            "name": "swiftmailer/swiftmailer",
            "version": "v5.4.5",
            "source": {
                "type": "git",
                "url": "https://github.com/swiftmailer/swiftmailer.git",
                "reference": "cd142238a339459b10da3d8234220963f392540c"
            },
            "dist": {
                "type": "zip",
                "url": "https://api.github.com/repos/swiftmailer/swiftmailer/zipball/cd142238a339459b10da3d8234220963f392540c",
                "reference": "cd142238a339459b10da3d8234220963f392540c",
                "shasum": ""
            },
            "require": {
                "php": ">=5.3.3"
            },
            "require-dev": {
                "mockery/mockery": "~0.9.1",
                "symfony/phpunit-bridge": "~3.2"
            },
            "type": "library",
            "extra": {
                "branch-alias": {
                    "dev-master": "5.4-dev"
                }
            },
            "autoload": {
                "files": [
                    "lib/swift_required.php"
                ]
            },
            "notification-url": "https://packagist.org/downloads/",
            "license": [
                "MIT"
            ],
            "authors": [
                {
                    "name": "Chris Corbyn"
                },
                {
                    "name": "Fabien Potencier",
                    "email": "fabien@symfony.com"
                }
            ],
            "description": "Swiftmailer, free feature-rich PHP mailer",
            "homepage": "http://swiftmailer.org",
            "keywords": [
                "email",
                "mail",
                "mailer"
            ],
            "time": "2016-12-29T10:02:40+00:00"
        }
    ],
    "packages-dev": [],
    "aliases": [],
    "minimum-stability": "stable",
    "stability-flags": {
        "mattdanger/volt-helpers": 20,
        "mattdanger/phalcon-table-sort": 20
    },
    "prefer-stable": false,
    "prefer-lowest": false,
    "platform": [],
    "platform-dev": []
}
